
Microsoft Visual Studio Solution File, Format Version 12.00
# Visual Studio Version 17
VisualStudioVersion = 17.11.35327.3
MinimumVisualStudioVersion = 10.0.40219.1
Project("{FAE04EC0-301F-11D3-BF4B-00C04F79EFBC}") = "ShipmentQuote", "ShipmentQuote.csproj", "{6187AAFB-85AB-472A-A4A4-FD8D767339CA}"
EndProject
Global
	GlobalSection(SolutionConfigurationPlatforms) = preSolution
		Debug|Any CPU = Debug|Any CPU
		Release|Any CPU = Release|Any CPU
	EndGlobalSection
	GlobalSection(ProjectConfigurationPlatforms) = postSolution
		{6187AAFB-85AB-472A-A4A4-FD8D767339CA}.Debug|Any CPU.ActiveCfg = Debug|Any CPU
		{6187AAFB-85AB-472A-A4A4-FD8D767339CA}.Debug|Any CPU.Build.0 = Debug|Any CPU
		{6187AAFB-85AB-472A-A4A4-FD8D767339CA}.Release|Any CPU.ActiveCfg = Release|Any CPU
		{6187AAFB-85AB-472A-A4A4-FD8D767339CA}.Release|Any CPU.Build.0 = Release|Any CPU
	EndGlobalSection
	GlobalSection(SolutionProperties) = preSolution
		HideSolutionNode = FALSE
	EndGlobalSection
	GlobalSection(ExtensibilityGlobals) = postSolution
		SolutionGuid = {6DF79511-EDBD-4D23-91FD-00A3E97DDC11}
	EndGlobalSection
EndGlobal
